
Microsoft Visual Studio Solution File, Format Version 12.00
# Visual Studio Version 16
VisualStudioVersion = 16.0.30002.166
MinimumVisualStudioVersion = 10.0.40219.1
Project("{FAE04EC0-301F-11D3-BF4B-00C04F79EFBC}") = "Pong", "Pong\Pong.csproj", "{13F66F6F-66FF-421F-A222-6B26EAF17EBD}"
EndProject
Project("{FAE04EC0-301F-11D3-BF4B-00C04F79EFBC}") = "UnitTestPong", "UnitTestPong\UnitTestPong.csproj", "{68062F3E-FF79-4B6A-8A43-85B2CC7C9C4B}"
EndProject
Global
	GlobalSection(SolutionConfigurationPlatforms) = preSolution
		Debug|Any CPU = Debug|Any CPU
		Release|Any CPU = Release|Any CPU
	EndGlobalSection
	GlobalSection(ProjectConfigurationPlatforms) = postSolution
		{13F66F6F-66FF-421F-A222-6B26EAF17EBD}.Debug|Any CPU.ActiveCfg = Debug|Any CPU
		{13F66F6F-66FF-421F-A222-6B26EAF17EBD}.Debug|Any CPU.Build.0 = Debug|Any CPU
		{13F66F6F-66FF-421F-A222-6B26EAF17EBD}.Release|Any CPU.ActiveCfg = Release|Any CPU
		{13F66F6F-66FF-421F-A222-6B26EAF17EBD}.Release|Any CPU.Build.0 = Release|Any CPU
		{68062F3E-FF79-4B6A-8A43-85B2CC7C9C4B}.Debug|Any CPU.ActiveCfg = Debug|Any CPU
		{68062F3E-FF79-4B6A-8A43-85B2CC7C9C4B}.Debug|Any CPU.Build.0 = Debug|Any CPU
		{68062F3E-FF79-4B6A-8A43-85B2CC7C9C4B}.Release|Any CPU.ActiveCfg = Release|Any CPU
		{68062F3E-FF79-4B6A-8A43-85B2CC7C9C4B}.Release|Any CPU.Build.0 = Release|Any CPU
	EndGlobalSection
	GlobalSection(SolutionProperties) = preSolution
		HideSolutionNode = FALSE
	EndGlobalSection
	GlobalSection(ExtensibilityGlobals) = postSolution
		SolutionGuid = {DCDE8630-EE1F-41B0-A856-C7B9643EDC2F}
	EndGlobalSection
EndGlobal
